<?xml version="1.0" encoding="utf-8"?>
<Project ToolsVersion="4.0" xmlns="http://schemas.microsoft.com/developer/msbuild/2003">
	<ItemGroup>
		<Filter Include="blockchainsim"><!--  -->
		</Filter>
	</ItemGroup>
	<ItemGroup>
		<ClInclude Include="..\..\BlockChain.h">
			<Filter>blockchainsim</Filter>
		</ClInclude>
		<ClInclude Include="..\..\gauss.h">
			<Filter>blockchainsim</Filter>
		</ClInclude>
		<ClInclude Include="..\..\logging.h">
			<Filter>blockchainsim</Filter>
		</ClInclude>
		<ClInclude Include="..\..\NsInParser.h">
			<Filter>blockchainsim</Filter>
		</ClInclude>
		<ClInclude Include="..\..\NsKeyValueIni.h">
			<Filter>blockchainsim</Filter>
		</ClInclude>
		<ClInclude Include="..\..\NsRand.h">
			<Filter>blockchainsim</Filter>
		</ClInclude>
		<ClInclude Include="..\..\NsString.h">
			<Filter>blockchainsim</Filter>
		</ClInclude>
		<ClInclude Include="..\..\NsStringUtils.h">
			<Filter>blockchainsim</Filter>
		</ClInclude>
		<ClInclude Include="..\..\NsUserAllocated.h">
			<Filter>blockchainsim</Filter>
		</ClInclude>
		<ClInclude Include="..\..\NvAssert.h">
			<Filter>blockchainsim</Filter>
		</ClInclude>
		<ClInclude Include="..\..\NvIntrinsics.h">
			<Filter>blockchainsim</Filter>
		</ClInclude>
		<ClInclude Include="..\..\NvMath.h">
			<Filter>blockchainsim</Filter>
		</ClInclude>
		<ClInclude Include="..\..\NvPreprocessor.h">
			<Filter>blockchainsim</Filter>
		</ClInclude>
		<ClInclude Include="..\..\SimulationSettings.h">
			<Filter>blockchainsim</Filter>
		</ClInclude>
		<ClInclude Include="..\..\UnitConversion.h">
			<Filter>blockchainsim</Filter>
		</ClInclude>
		<ClCompile Include="..\..\BlockChain.cpp">
			<Filter>blockchainsim</Filter>
		</ClCompile>
		<ClCompile Include="..\..\blockchainsim.cpp">
			<Filter>blockchainsim</Filter>
		</ClCompile>
		<ClCompile Include="..\..\gauss.cpp">
			<Filter>blockchainsim</Filter>
		</ClCompile>
		<ClCompile Include="..\..\logging.cpp">
			<Filter>blockchainsim</Filter>
		</ClCompile>
		<ClCompile Include="..\..\NsInParser.cpp">
			<Filter>blockchainsim</Filter>
		</ClCompile>
		<ClCompile Include="..\..\NsKeyValueIni.cpp">
			<Filter>blockchainsim</Filter>
		</ClCompile>
		<ClCompile Include="..\..\NsRand.cpp">
			<Filter>blockchainsim</Filter>
		</ClCompile>
		<ClCompile Include="..\..\NsString.cpp">
			<Filter>blockchainsim</Filter>
		</ClCompile>
		<ClCompile Include="..\..\NsStringUtils.cpp">
			<Filter>blockchainsim</Filter>
		</ClCompile>
		<ClCompile Include="..\..\SimulationSettings.cpp">
			<Filter>blockchainsim</Filter>
		</ClCompile>
		<ClCompile Include="..\..\UnitConversion.cpp">
			<Filter>blockchainsim</Filter>
		</ClCompile>
	</ItemGroup>
</Project>